
Microsoft Visual Studio Solution File, Format Version 12.00
# Visual Studio Version 16
VisualStudioVersion = 16.0.31321.278
MinimumVisualStudioVersion = 10.0.40219.1
Project("{9A19103F-16F7-4668-BE54-9A1E7A4F7556}") = "DoWhile", "DoWhile.csproj", "{D859B398-E1D5-48E8-A147-E708A7845CC4}"
EndProject
Project("{9A19103F-16F7-4668-BE54-9A1E7A4F7556}") = "UnderstandingArray", "..\UnderstandingArray\UnderstandingArray.csproj", "{35410EF2-2B73-4FB9-9C7D-81098F5F4B23}"
EndProject
Project("{9A19103F-16F7-4668-BE54-9A1E7A4F7556}") = "Oops", "..\Oops\Oops.csproj", "{A0B8FBE8-9661-4650-9A2A-6B2343540837}"
EndProject
Project("{FAE04EC0-301F-11D3-BF4B-00C04F79EFBC}") = "CRUD", "..\CRUD\CRUD.csproj", "{667259AC-81CF-4A58-B913-59692123171C}"
EndProject
Global
	GlobalSection(SolutionConfigurationPlatforms) = preSolution
		Debug|Any CPU = Debug|Any CPU
		Release|Any CPU = Release|Any CPU
	EndGlobalSection
	GlobalSection(ProjectConfigurationPlatforms) = postSolution
		{D859B398-E1D5-48E8-A147-E708A7845CC4}.Debug|Any CPU.ActiveCfg = Debug|Any CPU
		{D859B398-E1D5-48E8-A147-E708A7845CC4}.Debug|Any CPU.Build.0 = Debug|Any CPU
		{D859B398-E1D5-48E8-A147-E708A7845CC4}.Release|Any CPU.ActiveCfg = Release|Any CPU
		{D859B398-E1D5-48E8-A147-E708A7845CC4}.Release|Any CPU.Build.0 = Release|Any CPU
		{35410EF2-2B73-4FB9-9C7D-81098F5F4B23}.Debug|Any CPU.ActiveCfg = Debug|Any CPU
		{35410EF2-2B73-4FB9-9C7D-81098F5F4B23}.Debug|Any CPU.Build.0 = Debug|Any CPU
		{35410EF2-2B73-4FB9-9C7D-81098F5F4B23}.Release|Any CPU.ActiveCfg = Release|Any CPU
		{35410EF2-2B73-4FB9-9C7D-81098F5F4B23}.Release|Any CPU.Build.0 = Release|Any CPU
		{A0B8FBE8-9661-4650-9A2A-6B2343540837}.Debug|Any CPU.ActiveCfg = Debug|Any CPU
		{A0B8FBE8-9661-4650-9A2A-6B2343540837}.Debug|Any CPU.Build.0 = Debug|Any CPU
		{A0B8FBE8-9661-4650-9A2A-6B2343540837}.Release|Any CPU.ActiveCfg = Release|Any CPU
		{A0B8FBE8-9661-4650-9A2A-6B2343540837}.Release|Any CPU.Build.0 = Release|Any CPU
		{667259AC-81CF-4A58-B913-59692123171C}.Debug|Any CPU.ActiveCfg = Debug|Any CPU
		{667259AC-81CF-4A58-B913-59692123171C}.Debug|Any CPU.Build.0 = Debug|Any CPU
		{667259AC-81CF-4A58-B913-59692123171C}.Release|Any CPU.ActiveCfg = Release|Any CPU
		{667259AC-81CF-4A58-B913-59692123171C}.Release|Any CPU.Build.0 = Release|Any CPU
	EndGlobalSection
	GlobalSection(SolutionProperties) = preSolution
		HideSolutionNode = FALSE
	EndGlobalSection
	GlobalSection(ExtensibilityGlobals) = postSolution
		SolutionGuid = {735E6E48-93D5-43D8-A83D-44885CE212D7}
	EndGlobalSection
EndGlobal
