
Microsoft Visual Studio Solution File, Format Version 12.00
# Visual Studio Version 16
VisualStudioVersion = 16.0.31321.278
MinimumVisualStudioVersion = 10.0.40219.1
Project("{FAE04EC0-301F-11D3-BF4B-00C04F79EFBC}") = "UnderstandingRelationProject", "UnderstandingRelationProject.csproj", "{1AC3918E-1144-40B2-8E32-E6954CD0BC17}"
EndProject
Global
	GlobalSection(SolutionConfigurationPlatforms) = preSolution
		Debug|Any CPU = Debug|Any CPU
		Release|Any CPU = Release|Any CPU
	EndGlobalSection
	GlobalSection(ProjectConfigurationPlatforms) = postSolution
		{1AC3918E-1144-40B2-8E32-E6954CD0BC17}.Debug|Any CPU.ActiveCfg = Debug|Any CPU
		{1AC3918E-1144-40B2-8E32-E6954CD0BC17}.Debug|Any CPU.Build.0 = Debug|Any CPU
		{1AC3918E-1144-40B2-8E32-E6954CD0BC17}.Release|Any CPU.ActiveCfg = Release|Any CPU
		{1AC3918E-1144-40B2-8E32-E6954CD0BC17}.Release|Any CPU.Build.0 = Release|Any CPU
	EndGlobalSection
	GlobalSection(SolutionProperties) = preSolution
		HideSolutionNode = FALSE
	EndGlobalSection
	GlobalSection(ExtensibilityGlobals) = postSolution
		SolutionGuid = {F93CA63C-444C-427C-A23A-F5893112FD7D}
	EndGlobalSection
EndGlobal
